
Microsoft Visual Studio Solution File, Format Version 12.00
# Visual Studio 15
VisualStudioVersion = 15.0.26124.0
MinimumVisualStudioVersion = 15.0.26124.0
Project("{FAE04EC0-301F-11D3-BF4B-00C04F79EFBC}") = "API", "API\API.csproj", "{14862C7C-8A61-4021-97C7-C5177500C553}"
EndProject
Project("{FAE04EC0-301F-11D3-BF4B-00C04F79EFBC}") = "Core", "Core\Core.csproj", "{F21DE48C-7D76-4463-9E3F-323DDFBB607B}"
EndProject
Project("{FAE04EC0-301F-11D3-BF4B-00C04F79EFBC}") = "Infrastructure", "Infrastructure\Infrastructure.csproj", "{36E57448-648F-4C88-B479-670D26C38DCD}"
EndProject
Global
	GlobalSection(SolutionConfigurationPlatforms) = preSolution
		Debug|Any CPU = Debug|Any CPU
		Debug|x64 = Debug|x64
		Debug|x86 = Debug|x86
		Release|Any CPU = Release|Any CPU
		Release|x64 = Release|x64
		Release|x86 = Release|x86
	EndGlobalSection
	GlobalSection(SolutionProperties) = preSolution
		HideSolutionNode = FALSE
	EndGlobalSection
	GlobalSection(ProjectConfigurationPlatforms) = postSolution
		{14862C7C-8A61-4021-97C7-C5177500C553}.Debug|Any CPU.ActiveCfg = Debug|Any CPU
		{14862C7C-8A61-4021-97C7-C5177500C553}.Debug|Any CPU.Build.0 = Debug|Any CPU
		{14862C7C-8A61-4021-97C7-C5177500C553}.Debug|x64.ActiveCfg = Debug|Any CPU
		{14862C7C-8A61-4021-97C7-C5177500C553}.Debug|x64.Build.0 = Debug|Any CPU
		{14862C7C-8A61-4021-97C7-C5177500C553}.Debug|x86.ActiveCfg = Debug|Any CPU
		{14862C7C-8A61-4021-97C7-C5177500C553}.Debug|x86.Build.0 = Debug|Any CPU
		{14862C7C-8A61-4021-97C7-C5177500C553}.Release|Any CPU.ActiveCfg = Release|Any CPU
		{14862C7C-8A61-4021-97C7-C5177500C553}.Release|Any CPU.Build.0 = Release|Any CPU
		{14862C7C-8A61-4021-97C7-C5177500C553}.Release|x64.ActiveCfg = Release|Any CPU
		{14862C7C-8A61-4021-97C7-C5177500C553}.Release|x64.Build.0 = Release|Any CPU
		{14862C7C-8A61-4021-97C7-C5177500C553}.Release|x86.ActiveCfg = Release|Any CPU
		{14862C7C-8A61-4021-97C7-C5177500C553}.Release|x86.Build.0 = Release|Any CPU
		{F21DE48C-7D76-4463-9E3F-323DDFBB607B}.Debug|Any CPU.ActiveCfg = Debug|Any CPU
		{F21DE48C-7D76-4463-9E3F-323DDFBB607B}.Debug|Any CPU.Build.0 = Debug|Any CPU
		{F21DE48C-7D76-4463-9E3F-323DDFBB607B}.Debug|x64.ActiveCfg = Debug|Any CPU
		{F21DE48C-7D76-4463-9E3F-323DDFBB607B}.Debug|x64.Build.0 = Debug|Any CPU
		{F21DE48C-7D76-4463-9E3F-323DDFBB607B}.Debug|x86.ActiveCfg = Debug|Any CPU
		{F21DE48C-7D76-4463-9E3F-323DDFBB607B}.Debug|x86.Build.0 = Debug|Any CPU
		{F21DE48C-7D76-4463-9E3F-323DDFBB607B}.Release|Any CPU.ActiveCfg = Release|Any CPU
		{F21DE48C-7D76-4463-9E3F-323DDFBB607B}.Release|Any CPU.Build.0 = Release|Any CPU
		{F21DE48C-7D76-4463-9E3F-323DDFBB607B}.Release|x64.ActiveCfg = Release|Any CPU
		{F21DE48C-7D76-4463-9E3F-323DDFBB607B}.Release|x64.Build.0 = Release|Any CPU
		{F21DE48C-7D76-4463-9E3F-323DDFBB607B}.Release|x86.ActiveCfg = Release|Any CPU
		{F21DE48C-7D76-4463-9E3F-323DDFBB607B}.Release|x86.Build.0 = Release|Any CPU
		{36E57448-648F-4C88-B479-670D26C38DCD}.Debug|Any CPU.ActiveCfg = Debug|Any CPU
		{36E57448-648F-4C88-B479-670D26C38DCD}.Debug|Any CPU.Build.0 = Debug|Any CPU
		{36E57448-648F-4C88-B479-670D26C38DCD}.Debug|x64.ActiveCfg = Debug|Any CPU
		{36E57448-648F-4C88-B479-670D26C38DCD}.Debug|x64.Build.0 = Debug|Any CPU
		{36E57448-648F-4C88-B479-670D26C38DCD}.Debug|x86.ActiveCfg = Debug|Any CPU
		{36E57448-648F-4C88-B479-670D26C38DCD}.Debug|x86.Build.0 = Debug|Any CPU
		{36E57448-648F-4C88-B479-670D26C38DCD}.Release|Any CPU.ActiveCfg = Release|Any CPU
		{36E57448-648F-4C88-B479-670D26C38DCD}.Release|Any CPU.Build.0 = Release|Any CPU
		{36E57448-648F-4C88-B479-670D26C38DCD}.Release|x64.ActiveCfg = Release|Any CPU
		{36E57448-648F-4C88-B479-670D26C38DCD}.Release|x64.Build.0 = Release|Any CPU
		{36E57448-648F-4C88-B479-670D26C38DCD}.Release|x86.ActiveCfg = Release|Any CPU
		{36E57448-648F-4C88-B479-670D26C38DCD}.Release|x86.Build.0 = Release|Any CPU
	EndGlobalSection
EndGlobal
